
Microsoft Visual Studio Solution File, Format Version 11.00
# Visual Studio 2010
Project("{FAE04EC0-301F-11D3-BF4B-00C04F79EFBC}") = "Unic.SitecoreCMS.Modules.UrlMapper.Website", "..\Modules.UrlMapper.Website\Unic.SitecoreCMS.Modules.UrlMapper.Website.csproj", "{AD122F16-BF2B-4A13-B400-9F92AD04AB99}"
	ProjectSection(ProjectDependencies) = postProject
		{7AE1E528-1371-4633-B9BD-FEE35232ECFD} = {7AE1E528-1371-4633-B9BD-FEE35232ECFD}
	EndProjectSection
EndProject
Project("{FAE04EC0-301F-11D3-BF4B-00C04F79EFBC}") = "Unic.SitecoreCMS.Modules.UrlMapper", "..\Modules.UrlMapper\Unic.SitecoreCMS.Modules.UrlMapper.csproj", "{7AE1E528-1371-4633-B9BD-FEE35232ECFD}"
EndProject
Global
	GlobalSection(SolutionConfigurationPlatforms) = preSolution
		Debug|Any CPU = Debug|Any CPU
		Release|Any CPU = Release|Any CPU
	EndGlobalSection
	GlobalSection(ProjectConfigurationPlatforms) = postSolution
		{AD122F16-BF2B-4A13-B400-9F92AD04AB99}.Debug|Any CPU.ActiveCfg = Debug|Any CPU
		{AD122F16-BF2B-4A13-B400-9F92AD04AB99}.Debug|Any CPU.Build.0 = Debug|Any CPU
		{AD122F16-BF2B-4A13-B400-9F92AD04AB99}.Release|Any CPU.ActiveCfg = Release|Any CPU
		{AD122F16-BF2B-4A13-B400-9F92AD04AB99}.Release|Any CPU.Build.0 = Release|Any CPU
		{7AE1E528-1371-4633-B9BD-FEE35232ECFD}.Debug|Any CPU.ActiveCfg = Debug|Any CPU
		{7AE1E528-1371-4633-B9BD-FEE35232ECFD}.Debug|Any CPU.Build.0 = Debug|Any CPU
		{7AE1E528-1371-4633-B9BD-FEE35232ECFD}.Release|Any CPU.ActiveCfg = Release|Any CPU
		{7AE1E528-1371-4633-B9BD-FEE35232ECFD}.Release|Any CPU.Build.0 = Release|Any CPU
	EndGlobalSection
	GlobalSection(SolutionProperties) = preSolution
		HideSolutionNode = FALSE
	EndGlobalSection
EndGlobal
